// !$*UTF8*$!
{
	archiveVersion = 1;
	classes = {
	};
	objectVersion = 77;
	objects = {

/* Begin PBXContainerItemProxy section */
		886EE3A82D7223B5005E1534 /* PBXContainerItemProxy */ = {
			isa = PBXContainerItemProxy;
			containerPortal = 886EE38F2D7223B4005E1534 /* Project object */;
			proxyType = 1;
			remoteGlobalIDString = 886EE3962D7223B4005E1534;
			remoteInfo = Soup;
		};
		886EE3B22D7223B5005E1534 /* PBXContainerItemProxy */ = {
			isa = PBXContainerItemProxy;
			containerPortal = 886EE38F2D7223B4005E1534 /* Project object */;
			proxyType = 1;
			remoteGlobalIDString = 886EE3962D7223B4005E1534;
			remoteInfo = Soup;
		};
/* End PBXContainerItemProxy section */

/* Begin PBXFileReference section */
		886EE3972D7223B4005E1534 /* Soup.app */ = {isa = PBXFileReference; explicitFileType = wrapper.application; includeInIndex = 0; path = Soup.app; sourceTree = BUILT_PRODUCTS_DIR; };
		886EE3A72D7223B5005E1534 /* SoupTests.xctest */ = {isa = PBXFileReference; explicitFileType = wrapper.cfbundle; includeInIndex = 0; path = SoupTests.xctest; sourceTree = BUILT_PRODUCTS_DIR; };
		886EE3B12D7223B5005E1534 /* SoupUITests.xctest */ = {isa = PBXFileReference; explicitFileType = wrapper.cfbundle; includeInIndex = 0; path = SoupUITests.xctest; sourceTree = BUILT_PRODUCTS_DIR; };
/* End PBXFileReference section */

/* Begin PBXFileSystemSynchronizedBuildFileExceptionSet section */
		8832B0682D72E0470079684B /* Exceptions for "Soup" folder in "SoupTests" target */ = {
			isa = PBXFileSystemSynchronizedBuildFileExceptionSet;
			membershipExceptions = (
				Assets/Fonts/boorsok.ttf,
			);
			target = 886EE3A62D7223B5005E1534 /* SoupTests */;
		};
		8832B0692D72E0470079684B /* Exceptions for "Soup" folder in "SoupUITests" target */ = {
			isa = PBXFileSystemSynchronizedBuildFileExceptionSet;
			membershipExceptions = (
				Assets/Fonts/boorsok.ttf,
			);
			target = 886EE3B02D7223B5005E1534 /* SoupUITests */;
		};
		8832B06B2D72E05E0079684B /* Exceptions for "Soup" folder in "Soup" target */ = {
			isa = PBXFileSystemSynchronizedBuildFileExceptionSet;
			membershipExceptions = (
				Info.plist,
			);
			target = 886EE3962D7223B4005E1534 /* Soup */;
		};
/* End PBXFileSystemSynchronizedBuildFileExceptionSet section */

/* Begin PBXFileSystemSynchronizedRootGroup section */
		886EE3992D7223B4005E1534 /* Soup */ = {
			isa = PBXFileSystemSynchronizedRootGroup;
			exceptions = (
				8832B06B2D72E05E0079684B /* Exceptions for "Soup" folder in "Soup" target */,
				8832B0682D72E0470079684B /* Exceptions for "Soup" folder in "SoupTests" target */,
				8832B0692D72E0470079684B /* Exceptions for "Soup" folder in "SoupUITests" target */,
			);
			path = Soup;
			sourceTree = "<group>";
		};
		886EE3AA2D7223B5005E1534 /* SoupTests */ = {
			isa = PBXFileSystemSynchronizedRootGroup;
			path = SoupTests;
			sourceTree = "<group>";
		};
		886EE3B42D7223B5005E1534 /* SoupUITests */ = {
			isa = PBXFileSystemSynchronizedRootGroup;
			path = SoupUITests;
			sourceTree = "<group>";
		};
/* End PBXFileSystemSynchronizedRootGroup section */

/* Begin PBXFrameworksBuildPhase section */
		886EE3942D7223B4005E1534 /* Frameworks */ = {
			isa = PBXFrameworksBuildPhase;
			buildActionMask = 2147483647;
			files = (
			);
			runOnlyForDeploymentPostprocessing = 0;
		};
		886EE3A42D7223B5005E1534 /* Frameworks */ = {
			isa = PBXFrameworksBuildPhase;
			buildActionMask = 2147483647;
			files = (
			);
			runOnlyForDeploymentPostprocessing = 0;
		};
		886EE3AE2D7223B5005E1534 /* Frameworks */ = {
			isa = PBXFrameworksBuildPhase;
			buildActionMask = 2147483647;
			files = (
			);
			runOnlyForDeploymentPostprocessing = 0;
		};
/* End PBXFrameworksBuildPhase section */

/* Begin PBXGroup section */
		886EE38E2D7223B4005E1534 = {
			isa = PBXGroup;
			children = (
				886EE3992D7223B4005E1534 /* Soup */,
				886EE3AA2D7223B5005E1534 /* SoupTests */,
				886EE3B42D7223B5005E1534 /* SoupUITests */,
				886EE3982D7223B4005E1534 /* Products */,
			);
			sourceTree = "<group>";
		};
		886EE3982D7223B4005E1534 /* Products */ = {
			isa = PBXGroup;
			children = (
				886EE3972D7223B4005E1534 /* Soup.app */,
				886EE3A72D7223B5005E1534 /* SoupTests.xctest */,
				886EE3B12D7223B5005E1534 /* SoupUITests.xctest */,
			);
			name = Products;
			sourceTree = "<group>";
		};
/* End PBXGroup section */

/* Begin PBXNativeTarget section */
		886EE3962D7223B4005E1534 /* Soup */ = {
			isa = PBXNativeTarget;
			buildConfigurationList = 886EE3BB2D7223B5005E1534 /* Build configuration list for PBXNativeTarget "Soup" */;
			buildPhases = (
				886EE3932D7223B4005E1534 /* Sources */,
				886EE3942D7223B4005E1534 /* Frameworks */,
				886EE3952D7223B4005E1534 /* Resources */,
			);
			buildRules = (
			);
			dependencies = (
			);
			fileSystemSynchronizedGroups = (
				886EE3992D7223B4005E1534 /* Soup */,
			);
			name = Soup;
			packageProductDependencies = (
			);
			productName = Soup;
			productReference = 886EE3972D7223B4005E1534 /* Soup.app */;
			productType = "com.apple.product-type.application";
		};
		886EE3A62D7223B5005E1534 /* SoupTests */ = {
			isa = PBXNativeTarget;
			buildConfigurationList = 886EE3BE2D7223B5005E1534 /* Build configuration list for PBXNativeTarget "SoupTests" */;
			buildPhases = (
				886EE3A32D7223B5005E1534 /* Sources */,
				886EE3A42D7223B5005E1534 /* Frameworks */,
				886EE3A52D7223B5005E1534 /* Resources */,
			);
			buildRules = (
			);
			dependencies = (
				886EE3A92D7223B5005E1534 /* PBXTargetDependency */,
			);
			fileSystemSynchronizedGroups = (
				886EE3AA2D7223B5005E1534 /* SoupTests */,
			);
			name = SoupTests;
			packageProductDependencies = (
			);
			productName = SoupTests;
			productReference = 886EE3A72D7223B5005E1534 /* SoupTests.xctest */;
			productType = "com.apple.product-type.bundle.unit-test";
		};
		886EE3B02D7223B5005E1534 /* SoupUITests */ = {
			isa = PBXNativeTarget;
			buildConfigurationList = 886EE3C12D7223B5005E1534 /* Build configuration list for PBXNativeTarget "SoupUITests" */;
			buildPhases = (
				886EE3AD2D7223B5005E1534 /* Sources */,
				886EE3AE2D7223B5005E1534 /* Frameworks */,
				886EE3AF2D7223B5005E1534 /* Resources */,
			);
			buildRules = (
			);
			dependencies = (
				886EE3B32D7223B5005E1534 /* PBXTargetDependency */,
			);
			fileSystemSynchronizedGroups = (
				886EE3B42D7223B5005E1534 /* SoupUITests */,
			);
			name = SoupUITests;
			packageProductDependencies = (
			);
			productName = SoupUITests;
			productReference = 886EE3B12D7223B5005E1534 /* SoupUITests.xctest */;
			productType = "com.apple.product-type.bundle.ui-testing";
		};
/* End PBXNativeTarget section */

/* Begin PBXProject section */
		886EE38F2D7223B4005E1534 /* Project object */ = {
			isa = PBXProject;
			attributes = {
				BuildIndependentTargetsInParallel = 1;
				LastSwiftUpdateCheck = 1620;
				LastUpgradeCheck = 1620;
				TargetAttributes = {
					886EE3962D7223B4005E1534 = {
						CreatedOnToolsVersion = 16.2;
					};
					886EE3A62D7223B5005E1534 = {
						CreatedOnToolsVersion = 16.2;
						TestTargetID = 886EE3962D7223B4005E1534;
					};
					886EE3B02D7223B5005E1534 = {
						CreatedOnToolsVersion = 16.2;
						TestTargetID = 886EE3962D7223B4005E1534;
					};
				};
			};
			buildConfigurationList = 886EE3922D7223B4005E1534 /* Build configuration list for PBXProject "Soup" */;
			developmentRegion = en;
			hasScannedForEncodings = 0;
			knownRegions = (
				en,
				Base,
			);
			mainGroup = 886EE38E2D7223B4005E1534;
			minimizedProjectReferenceProxies = 1;
			preferredProjectObjectVersion = 77;
			productRefGroup = 886EE3982D7223B4005E1534 /* Products */;
			projectDirPath = "";
			projectRoot = "";
			targets = (
				886EE3962D7223B4005E1534 /* Soup */,
				886EE3A62D7223B5005E1534 /* SoupTests */,
				886EE3B02D7223B5005E1534 /* SoupUITests */,
			);
		};
/* End PBXProject section */

/* Begin PBXResourcesBuildPhase section */
		886EE3952D7223B4005E1534 /* Resources */ = {
			isa = PBXResourcesBuildPhase;
			buildActionMask = 2147483647;
			files = (
			);
			runOnlyForDeploymentPostprocessing = 0;
		};
		886EE3A52D7223B5005E1534 /* Resources */ = {
			isa = PBXResourcesBuildPhase;
			buildActionMask = 2147483647;
			files = (
			);
			runOnlyForDeploymentPostprocessing = 0;
		};
		886EE3AF2D7223B5005E1534 /* Resources */ = {
			isa = PBXResourcesBuildPhase;
			buildActionMask = 2147483647;
			files = (
			);
			runOnlyForDeploymentPostprocessing = 0;
		};
/* End PBXResourcesBuildPhase section */

/* Begin PBXSourcesBuildPhase section */
		886EE3932D7223B4005E1534 /* Sources */ = {
			isa = PBXSourcesBuildPhase;
			buildActionMask = 2147483647;
			files = (
			);
			runOnlyForDeploymentPostprocessing = 0;
		};
		886EE3A32D7223B5005E1534 /* Sources */ = {
			isa = PBXSourcesBuildPhase;
			buildActionMask = 2147483647;
			files = (
			);
			runOnlyForDeploymentPostprocessing = 0;
		};
		886EE3AD2D7223B5005E1534 /* Sources */ = {
			isa = PBXSourcesBuildPhase;
			buildActionMask = 2147483647;
			files = (
			);
			runOnlyForDeploymentPostprocessing = 0;
		};
/* End PBXSourcesBuildPhase section */

/* Begin PBXTargetDependency section */
		886EE3A92D7223B5005E1534 /* PBXTargetDependency */ = {
			isa = PBXTargetDependency;
			target = 886EE3962D7223B4005E1534 /* Soup */;
			targetProxy = 886EE3A82D7223B5005E1534 /* PBXContainerItemProxy */;
		};
		886EE3B32D7223B5005E1534 /* PBXTargetDependency */ = {
			isa = PBXTargetDependency;
			target = 886EE3962D7223B4005E1534 /* Soup */;
			targetProxy = 886EE3B22D7223B5005E1534 /* PBXContainerItemProxy */;
		};
/* End PBXTargetDependency section */

/* Begin XCBuildConfiguration section */
		886EE3B92D7223B5005E1534 /* Debug */ = {
			isa = XCBuildConfiguration;
			buildSettings = {
				ALWAYS_SEARCH_USER_PATHS = NO;
				ASSETCATALOG_COMPILER_GENERATE_SWIFT_ASSET_SYMBOL_EXTENSIONS = YES;
				CLANG_ANALYZER_NONNULL = YES;
				CLANG_ANALYZER_NUMBER_OBJECT_CONVERSION = YES_AGGRESSIVE;
				CLANG_CXX_LANGUAGE_STANDARD = "gnu++20";
				CLANG_ENABLE_MODULES = YES;
				CLANG_ENABLE_OBJC_ARC = YES;
				CLANG_ENABLE_OBJC_WEAK = YES;
				CLANG_WARN_BLOCK_CAPTURE_AUTORELEASING = YES;
				CLANG_WARN_BOOL_CONVERSION = YES;
				CLANG_WARN_COMMA = YES;
				CLANG_WARN_CONSTANT_CONVERSION = YES;
				CLANG_WARN_DEPRECATED_OBJC_IMPLEMENTATIONS = YES;
				CLANG_WARN_DIRECT_OBJC_ISA_USAGE = YES_ERROR;
				CLANG_WARN_DOCUMENTATION_COMMENTS = YES;
				CLANG_WARN_EMPTY_BODY = YES;
				CLANG_WARN_ENUM_CONVERSION = YES;
				CLANG_WARN_INFINITE_RECURSION = YES;
				CLANG_WARN_INT_CONVERSION = YES;
				CLANG_WARN_NON_LITERAL_NULL_CONVERSION = YES;
				CLANG_WARN_OBJC_IMPLICIT_RETAIN_SELF = YES;
				CLANG_WARN_OBJC_LITERAL_CONVERSION = YES;
				CLANG_WARN_OBJC_ROOT_CLASS = YES_ERROR;
				CLANG_WARN_QUOTED_INCLUDE_IN_FRAMEWORK_HEADER = YES;
				CLANG_WARN_RANGE_LOOP_ANALYSIS = YES;
				CLANG_WARN_STRICT_PROTOTYPES = YES;
				CLANG_WARN_SUSPICIOUS_MOVE = YES;
				CLANG_WARN_UNGUARDED_AVAILABILITY = YES_AGGRESSIVE;
				CLANG_WARN_UNREACHABLE_CODE = YES;
				CLANG_WARN__DUPLICATE_METHOD_MATCH = YES;
				COPY_PHASE_STRIP = NO;
				DEBUG_INFORMATION_FORMAT = dwarf;
				ENABLE_STRICT_OBJC_MSGSEND = YES;
				ENABLE_TESTABILITY = YES;
				ENABLE_USER_SCRIPT_SANDBOXING = YES;
				GCC_C_LANGUAGE_STANDARD = gnu17;
				GCC_DYNAMIC_NO_PIC = NO;
				GCC_NO_COMMON_BLOCKS = YES;
				GCC_OPTIMIZATION_LEVEL = 0;
				GCC_PREPROCESSOR_DEFINITIONS = (
					"DEBUG=1",
					"$(inherited)",
				);
				GCC_WARN_64_TO_32_BIT_CONVERSION = YES;
				GCC_WARN_ABOUT_RETURN_TYPE = YES_ERROR;
				GCC_WARN_UNDECLARED_SELECTOR = YES;
				GCC_WARN_UNINITIALIZED_AUTOS = YES_AGGRESSIVE;
				GCC_WARN_UNUSED_FUNCTION = YES;
				GCC_WARN_UNUSED_VARIABLE = YES;
				IPHONEOS_DEPLOYMENT_TARGET = 18.2;
				LOCALIZATION_PREFERS_STRING_CATALOGS = YES;
				MTL_ENABLE_DEBUG_INFO = INCLUDE_SOURCE;
				MTL_FAST_MATH = YES;
				ONLY_ACTIVE_ARCH = YES;
				SDKROOT = iphoneos;
				SWIFT_ACTIVE_COMPILATION_CONDITIONS = "DEBUG $(inherited)";
				SWIFT_OPTIMIZATION_LEVEL = "-Onone";
			};
			name = Debug;
		};
		886EE3BA2D7223B5005E1534 /* Release */ = {
			isa = XCBuildConfiguration;
			buildSettings = {
				ALWAYS_SEARCH_USER_PATHS = NO;
				ASSETCATALOG_COMPILER_GENERATE_SWIFT_ASSET_SYMBOL_EXTENSIONS = YES;
				CLANG_ANALYZER_NONNULL = YES;
				CLANG_ANALYZER_NUMBER_OBJECT_CONVERSION = YES_AGGRESSIVE;
				CLANG_CXX_LANGUAGE_STANDARD = "gnu++20";
				CLANG_ENABLE_MODULES = YES;
				CLANG_ENABLE_OBJC_ARC = YES;
				CLANG_ENABLE_OBJC_WEAK = YES;
				CLANG_WARN_BLOCK_CAPTURE_AUTORELEASING = YES;
				CLANG_WARN_BOOL_CONVERSION = YES;
				CLANG_WARN_COMMA = YES;
				CLANG_WARN_CONSTANT_CONVERSION = YES;
				CLANG_WARN_DEPRECATED_OBJC_IMPLEMENTATIONS = YES;
				CLANG_WARN_DIRECT_OBJC_ISA_USAGE = YES_ERROR;
				CLANG_WARN_DOCUMENTATION_COMMENTS = YES;
				CLANG_WARN_EMPTY_BODY = YES;
				CLANG_WARN_ENUM_CONVERSION = YES;
				CLANG_WARN_INFINITE_RECURSION = YES;
				CLANG_WARN_INT_CONVERSION = YES;
				CLANG_WARN_NON_LITERAL_NULL_CONVERSION = YES;
				CLANG_WARN_OBJC_IMPLICIT_RETAIN_SELF = YES;
				CLANG_WARN_OBJC_LITERAL_CONVERSION = YES;
				CLANG_WARN_OBJC_ROOT_CLASS = YES_ERROR;
				CLANG_WARN_QUOTED_INCLUDE_IN_FRAMEWORK_HEADER = YES;
				CLANG_WARN_RANGE_LOOP_ANALYSIS = YES;
				CLANG_WARN_STRICT_PROTOTYPES = YES;
				CLANG_WARN_SUSPICIOUS_MOVE = YES;
				CLANG_WARN_UNGUARDED_AVAILABILITY = YES_AGGRESSIVE;
				CLANG_WARN_UNREACHABLE_CODE = YES;
				CLANG_WARN__DUPLICATE_METHOD_MATCH = YES;
				COPY_PHASE_STRIP = NO;
				DEBUG_INFORMATION_FORMAT = "dwarf-with-dsym";
				ENABLE_NS_ASSERTIONS = NO;
				ENABLE_STRICT_OBJC_MSGSEND = YES;
				ENABLE_USER_SCRIPT_SANDBOXING = YES;
				GCC_C_LANGUAGE_STANDARD = gnu17;
				GCC_NO_COMMON_BLOCKS = YES;
				GCC_WARN_64_TO_32_BIT_CONVERSION = YES;
				GCC_WARN_ABOUT_RETURN_TYPE = YES_ERROR;
				GCC_WARN_UNDECLARED_SELECTOR = YES;
				GCC_WARN_UNINITIALIZED_AUTOS = YES_AGGRESSIVE;
				GCC_WARN_UNUSED_FUNCTION = YES;
				GCC_WARN_UNUSED_VARIABLE = YES;
				IPHONEOS_DEPLOYMENT_TARGET = 18.2;
				LOCALIZATION_PREFERS_STRING_CATALOGS = YES;
				MTL_ENABLE_DEBUG_INFO = NO;
				MTL_FAST_MATH = YES;
				SDKROOT = iphoneos;
				SWIFT_COMPILATION_MODE = wholemodule;
				VALIDATE_PRODUCT = YES;
			};
			name = Release;
		};
		886EE3BC2D7223B5005E1534 /* Debug */ = {
			isa = XCBuildConfiguration;
			buildSettings = {
				ASSETCATALOG_COMPILER_APPICON_NAME = AppIcon;
				ASSETCATALOG_COMPILER_GLOBAL_ACCENT_COLOR_NAME = AccentColor;
				CODE_SIGN_STYLE = Automatic;
				CURRENT_PROJECT_VERSION = 1;
				DEVELOPMENT_ASSET_PATHS = "\"Soup/Preview Content\"";
				DEVELOPMENT_TEAM = 44ZWCLCJ2W;
				ENABLE_PREVIEWS = YES;
				GENERATE_INFOPLIST_FILE = YES;
				INFOPLIST_FILE = Soup/Info.plist;
				INFOPLIST_KEY_UIApplicationSceneManifest_Generation = YES;
				INFOPLIST_KEY_UIApplicationSupportsIndirectInputEvents = YES;
				INFOPLIST_KEY_UILaunchScreen_Generation = YES;
				INFOPLIST_KEY_UISupportedInterfaceOrientations_iPad = "UIInterfaceOrientationPortrait UIInterfaceOrientationPortraitUpsideDown UIInterfaceOrientationLandscapeLeft UIInterfaceOrientationLandscapeRight";
				INFOPLIST_KEY_UISupportedInterfaceOrientations_iPhone = "UIInterfaceOrientationPortrait UIInterfaceOrientationLandscapeLeft UIInterfaceOrientationLandscapeRight";
				LD_RUNPATH_SEARCH_PATHS = (
					"$(inherited)",
					"@executable_path/Frameworks",
				);
				MARKETING_VERSION = 1.0;
				PRODUCT_BUNDLE_IDENTIFIER = com.gmail.mrvalter566.Soup;
				PRODUCT_NAME = "$(TARGET_NAME)";
				SWIFT_EMIT_LOC_STRINGS = YES;
				SWIFT_VERSION = 5.0;
				TARGETED_DEVICE_FAMILY = "1,2";
			};
			name = Debug;
		};
		886EE3BD2D7223B5005E1534 /* Release */ = {
			isa = XCBuildConfiguration;
			buildSettings = {
				ASSETCATALOG_COMPILER_APPICON_NAME = AppIcon;
				ASSETCATALOG_COMPILER_GLOBAL_ACCENT_COLOR_NAME = AccentColor;
				CODE_SIGN_STYLE = Automatic;
				CURRENT_PROJECT_VERSION = 1;
				DEVELOPMENT_ASSET_PATHS = "\"Soup/Preview Content\"";
				DEVELOPMENT_TEAM = 44ZWCLCJ2W;
				ENABLE_PREVIEWS = YES;
				GENERATE_INFOPLIST_FILE = YES;
				INFOPLIST_FILE = Soup/Info.plist;
				INFOPLIST_KEY_UIApplicationSceneManifest_Generation = YES;
				INFOPLIST_KEY_UIApplicationSupportsIndirectInputEvents = YES;
				INFOPLIST_KEY_UILaunchScreen_Generation = YES;
				INFOPLIST_KEY_UISupportedInterfaceOrientations_iPad = "UIInterfaceOrientationPortrait UIInterfaceOrientationPortraitUpsideDown UIInterfaceOrientationLandscapeLeft UIInterfaceOrientationLandscapeRight";
				INFOPLIST_KEY_UISupportedInterfaceOrientations_iPhone = "UIInterfaceOrientationPortrait UIInterfaceOrientationLandscapeLeft UIInterfaceOrientationLandscapeRight";
				LD_RUNPATH_SEARCH_PATHS = (
					"$(inherited)",
					"@executable_path/Frameworks",
				);
				MARKETING_VERSION = 1.0;
				PRODUCT_BUNDLE_IDENTIFIER = com.gmail.mrvalter566.Soup;
				PRODUCT_NAME = "$(TARGET_NAME)";
				SWIFT_EMIT_LOC_STRINGS = YES;
				SWIFT_VERSION = 5.0;
				TARGETED_DEVICE_FAMILY = "1,2";
			};
			name = Release;
		};
		886EE3BF2D7223B5005E1534 /* Debug */ = {
			isa = XCBuildConfiguration;
			buildSettings = {
				BUNDLE_LOADER = "$(TEST_HOST)";
				CODE_SIGN_STYLE = Automatic;
				CURRENT_PROJECT_VERSION = 1;
				DEVELOPMENT_TEAM = 44ZWCLCJ2W;
				GENERATE_INFOPLIST_FILE = YES;
				IPHONEOS_DEPLOYMENT_TARGET = 18.2;
				MARKETING_VERSION = 1.0;
				PRODUCT_BUNDLE_IDENTIFIER = com.gmail.mrvalter566.SoupTests;
				PRODUCT_NAME = "$(TARGET_NAME)";
				SWIFT_EMIT_LOC_STRINGS = NO;
				SWIFT_VERSION = 5.0;
				TARGETED_DEVICE_FAMILY = "1,2";
				TEST_HOST = "$(BUILT_PRODUCTS_DIR)/Soup.app/$(BUNDLE_EXECUTABLE_FOLDER_PATH)/Soup";
			};
			name = Debug;
		};
		886EE3C02D7223B5005E1534 /* Release */ = {
			isa = XCBuildConfiguration;
			buildSettings = {
				BUNDLE_LOADER = "$(TEST_HOST)";
				CODE_SIGN_STYLE = Automatic;
				CURRENT_PROJECT_VERSION = 1;
				DEVELOPMENT_TEAM = 44ZWCLCJ2W;
				GENERATE_INFOPLIST_FILE = YES;
				IPHONEOS_DEPLOYMENT_TARGET = 18.2;
				MARKETING_VERSION = 1.0;
				PRODUCT_BUNDLE_IDENTIFIER = com.gmail.mrvalter566.SoupTests;
				PRODUCT_NAME = "$(TARGET_NAME)";
				SWIFT_EMIT_LOC_STRINGS = NO;
				SWIFT_VERSION = 5.0;
				TARGETED_DEVICE_FAMILY = "1,2";
				TEST_HOST = "$(BUILT_PRODUCTS_DIR)/Soup.app/$(BUNDLE_EXECUTABLE_FOLDER_PATH)/Soup";
			};
			name = Release;
		};
		886EE3C22D7223B5005E1534 /* Debug */ = {
			isa = XCBuildConfiguration;
			buildSettings = {
				CODE_SIGN_STYLE = Automatic;
				CURRENT_PROJECT_VERSION = 1;
				DEVELOPMENT_TEAM = 44ZWCLCJ2W;
				GENERATE_INFOPLIST_FILE = YES;
				MARKETING_VERSION = 1.0;
				PRODUCT_BUNDLE_IDENTIFIER = com.gmail.mrvalter566.SoupUITests;
				PRODUCT_NAME = "$(TARGET_NAME)";
				SWIFT_EMIT_LOC_STRINGS = NO;
				SWIFT_VERSION = 5.0;
				TARGETED_DEVICE_FAMILY = "1,2";
				TEST_TARGET_NAME = Soup;
			};
			name = Debug;
		};
		886EE3C32D7223B5005E1534 /* Release */ = {
			isa = XCBuildConfiguration;
			buildSettings = {
				CODE_SIGN_STYLE = Automatic;
				CURRENT_PROJECT_VERSION = 1;
				DEVELOPMENT_TEAM = 44ZWCLCJ2W;
				GENERATE_INFOPLIST_FILE = YES;
				MARKETING_VERSION = 1.0;
				PRODUCT_BUNDLE_IDENTIFIER = com.gmail.mrvalter566.SoupUITests;
				PRODUCT_NAME = "$(TARGET_NAME)";
				SWIFT_EMIT_LOC_STRINGS = NO;
				SWIFT_VERSION = 5.0;
				TARGETED_DEVICE_FAMILY = "1,2";
				TEST_TARGET_NAME = Soup;
			};
			name = Release;
		};
/* End XCBuildConfiguration section */

/* Begin XCConfigurationList section */
		886EE3922D7223B4005E1534 /* Build configuration list for PBXProject "Soup" */ = {
			isa = XCConfigurationList;
			buildConfigurations = (
				886EE3B92D7223B5005E1534 /* Debug */,
				886EE3BA2D7223B5005E1534 /* Release */,
			);
			defaultConfigurationIsVisible = 0;
			defaultConfigurationName = Release;
		};
		886EE3BB2D7223B5005E1534 /* Build configuration list for PBXNativeTarget "Soup" */ = {
			isa = XCConfigurationList;
			buildConfigurations = (
				886EE3BC2D7223B5005E1534 /* Debug */,
				886EE3BD2D7223B5005E1534 /* Release */,
			);
			defaultConfigurationIsVisible = 0;
			defaultConfigurationName = Release;
		};
		886EE3BE2D7223B5005E1534 /* Build configuration list for PBXNativeTarget "SoupTests" */ = {
			isa = XCConfigurationList;
			buildConfigurations = (
				886EE3BF2D7223B5005E1534 /* Debug */,
				886EE3C02D7223B5005E1534 /* Release */,
			);
			defaultConfigurationIsVisible = 0;
			defaultConfigurationName = Release;
		};
		886EE3C12D7223B5005E1534 /* Build configuration list for PBXNativeTarget "SoupUITests" */ = {
			isa = XCConfigurationList;
			buildConfigurations = (
				886EE3C22D7223B5005E1534 /* Debug */,
				886EE3C32D7223B5005E1534 /* Release */,
			);
			defaultConfigurationIsVisible = 0;
			defaultConfigurationName = Release;
		};
/* End XCConfigurationList section */
	};
	rootObject = 886EE38F2D7223B4005E1534 /* Project object */;
}
